
Microsoft Visual Studio Solution File, Format Version 12.00
# Visual Studio Version 17
VisualStudioVersion = 17.6.33723.286
MinimumVisualStudioVersion = 10.0.40219.1
Project("{FAE04EC0-301F-11D3-BF4B-00C04F79EFBC}") = "WinFormsApp1", "WinFormsApp1\WinFormsApp1.csproj", "{CD700C97-8318-4849-9E93-86C803534874}"
EndProject
Global
	GlobalSection(SolutionConfigurationPlatforms) = preSolution
		Debug|Any CPU = Debug|Any CPU
		Release|Any CPU = Release|Any CPU
	EndGlobalSection
	GlobalSection(ProjectConfigurationPlatforms) = postSolution
		{CD700C97-8318-4849-9E93-86C803534874}.Debug|Any CPU.ActiveCfg = Debug|Any CPU
		{CD700C97-8318-4849-9E93-86C803534874}.Debug|Any CPU.Build.0 = Debug|Any CPU
		{CD700C97-8318-4849-9E93-86C803534874}.Release|Any CPU.ActiveCfg = Release|Any CPU
		{CD700C97-8318-4849-9E93-86C803534874}.Release|Any CPU.Build.0 = Release|Any CPU
	EndGlobalSection
	GlobalSection(SolutionProperties) = preSolution
		HideSolutionNode = FALSE
	EndGlobalSection
	GlobalSection(ExtensibilityGlobals) = postSolution
		SolutionGuid = {7D8A7539-E399-4CE4-B061-770E4CE7B4B7}
	EndGlobalSection
EndGlobal
