
Microsoft Visual Studio Solution File, Format Version 12.00
# Visual Studio Version 17
VisualStudioVersion = 17.6.33723.286
MinimumVisualStudioVersion = 10.0.40219.1
Project("{9A19103F-16F7-4668-BE54-9A1E7A4F7556}") = "Ejercicio1", "..\Ejercicio1\Ejercicio1.csproj", "{BFC34544-52CA-42ED-82FE-267B1754D6A5}"
EndProject
Global
	GlobalSection(SolutionConfigurationPlatforms) = preSolution
		Debug|Any CPU = Debug|Any CPU
		Release|Any CPU = Release|Any CPU
	EndGlobalSection
	GlobalSection(ProjectConfigurationPlatforms) = postSolution
		{BFC34544-52CA-42ED-82FE-267B1754D6A5}.Debug|Any CPU.ActiveCfg = Debug|Any CPU
		{BFC34544-52CA-42ED-82FE-267B1754D6A5}.Debug|Any CPU.Build.0 = Debug|Any CPU
		{BFC34544-52CA-42ED-82FE-267B1754D6A5}.Release|Any CPU.ActiveCfg = Release|Any CPU
		{BFC34544-52CA-42ED-82FE-267B1754D6A5}.Release|Any CPU.Build.0 = Release|Any CPU
	EndGlobalSection
	GlobalSection(SolutionProperties) = preSolution
		HideSolutionNode = FALSE
	EndGlobalSection
	GlobalSection(ExtensibilityGlobals) = postSolution
		SolutionGuid = {AB465A89-3181-4A12-A5D4-7E9976B36842}
	EndGlobalSection
EndGlobal
