
Microsoft Visual Studio Solution File, Format Version 12.00
# Visual Studio Version 17
VisualStudioVersion = 17.6.33829.357
MinimumVisualStudioVersion = 10.0.40219.1
Project("{FAE04EC0-301F-11D3-BF4B-00C04F79EFBC}") = "modeloBaseSQL", "modeloBaseSQL.csproj", "{9FAAFD52-5B99-417D-B234-47693AA5383F}"
EndProject
Global
	GlobalSection(SolutionConfigurationPlatforms) = preSolution
		Debug|Any CPU = Debug|Any CPU
		Release|Any CPU = Release|Any CPU
	EndGlobalSection
	GlobalSection(ProjectConfigurationPlatforms) = postSolution
		{9FAAFD52-5B99-417D-B234-47693AA5383F}.Debug|Any CPU.ActiveCfg = Debug|Any CPU
		{9FAAFD52-5B99-417D-B234-47693AA5383F}.Debug|Any CPU.Build.0 = Debug|Any CPU
		{9FAAFD52-5B99-417D-B234-47693AA5383F}.Release|Any CPU.ActiveCfg = Release|Any CPU
		{9FAAFD52-5B99-417D-B234-47693AA5383F}.Release|Any CPU.Build.0 = Release|Any CPU
	EndGlobalSection
	GlobalSection(SolutionProperties) = preSolution
		HideSolutionNode = FALSE
	EndGlobalSection
	GlobalSection(ExtensibilityGlobals) = postSolution
		SolutionGuid = {F7E2E0A5-35C0-40A5-AC82-F117B91D74A9}
	EndGlobalSection
EndGlobal
